# This file is automatically @generated by Cargo.
# It is not intended for manual editing.
version = 4

[[package]]
name = "amicable-numbers"
version = "0.1.0"

[[package]]
name = "counting-sundays"
version = "0.1.0"

[[package]]
name = "dict"
version = "0.1.5"
source = "registry+https://github.com/rust-lang/crates.io-index"
checksum = "39fbb71fba1e2c935f51b056de0d812d9b625b8165b2d7f8848902080fbdffb4"

[[package]]
name = "euler_utils"
version = "0.1.0"

[[package]]
name = "factorial-digit-sum"
version = "0.1.0"

[[package]]
name = "highly-divisible-triangular-number"
version = "0.1.0"

[[package]]
name = "hundred_big_sum"
version = "0.1.0"

[[package]]
name = "lattice-paths"
version = "0.1.0"

[[package]]
name = "longest-collatz"
version = "0.1.0"

[[package]]
name = "maximum-path-sum-i"
version = "0.1.0"

[[package]]
name = "names-scores"
version = "0.1.0"

[[package]]
name = "non-abundant-sums"
version = "0.1.0"
dependencies = [
 "euler_utils",
]

[[package]]
name = "number-letter-counts"
version = "0.1.0"
dependencies = [
 "dict",
]

[[package]]
name = "power-digit-sum"
version = "0.1.0"
